{
  "name": "ITStone",
  "version": "0.1.0",
  "lockfileVersion": 1,
  "requires": true,
  "dependencies": {
    "@ngrx/effects": {
      "version": "6.1.0",
      "resolved": "https://registry.npmjs.org/@ngrx/effects/-/effects-6.1.0.tgz",
      "integrity": "sha512-euR/VHn0cEOkdZ3SqCzUvYHT0P5FcTBm4/xSE8gH85ORP0//owD3L6o8X3etfWLRS+BAELk1JcXkFeAVG9CXiQ=="
    },
    "@ngrx/entity": {
      "version": "6.1.0",
      "resolved": "https://registry.npmjs.org/@ngrx/entity/-/entity-6.1.0.tgz",
      "integrity": "sha512-hUi+ejnyCtK1vYQHq1mvrkp0mxzqvw9kxluuzOQkb89A3JruBOFBV/TwpXNo8EU+FJZ+SacZoEDadBuZKkIA5g=="
    },
    "@ngrx/store": {
      "version": "6.1.0",
      "resolved": "https://registry.npmjs.org/@ngrx/store/-/store-6.1.0.tgz",
      "integrity": "sha512-H5BGym1WtAX84/R4pTQ2MrrP87qYfXc6CoPghCZCK9LYxCodsI7KeQfpyNCg5qapxdH2EDqlHXTBJfMTLRiRGg=="
    },
    "@ngrx/store-devtools": {
      "version": "6.1.0",
      "resolved": "https://registry.npmjs.org/@ngrx/store-devtools/-/store-devtools-6.1.0.tgz",
      "integrity": "sha512-Uc0g/NCbJIbzvIMuCy3skiZVD5hoIrOAAvaninXkVHt7bXpbsSAdvJlmnozuGQqTbC0UQhYRwAR7InRSrzIbMQ=="
    }
  }
}
